
Microsoft Visual Studio Solution File, Format Version 12.00
# Visual Studio 15
VisualStudioVersion = 15.0.26730.15
MinimumVisualStudioVersion = 10.0.40219.1
Project("{FAE04EC0-301F-11D3-BF4B-00C04F79EFBC}") = "SportsStore.WebUI", "SportsStore.WebUI\SportsStore.WebUI.csproj", "{849DE47E-E99A-4C76-AE16-44E8807F27D6}"
EndProject
Project("{9A19103F-16F7-4668-BE54-9A1E7A4F7556}") = "SportsStore.UnitTests", "SportsStore.UnitTests\SportsStore.UnitTests.csproj", "{330EFAC2-7110-403D-B2A3-B6B2C56DB0D3}"
EndProject
Project("{FAE04EC0-301F-11D3-BF4B-00C04F79EFBC}") = "SportsStore.Domain", "SportsStore.Domain\SportsStore.Domain.csproj", "{31345012-5DDD-4B95-B94A-65FC021FBC27}"
EndProject
Global
	GlobalSection(SolutionConfigurationPlatforms) = preSolution
		Debug|Any CPU = Debug|Any CPU
		Release|Any CPU = Release|Any CPU
	EndGlobalSection
	GlobalSection(ProjectConfigurationPlatforms) = postSolution
		{849DE47E-E99A-4C76-AE16-44E8807F27D6}.Debug|Any CPU.ActiveCfg = Debug|Any CPU
		{849DE47E-E99A-4C76-AE16-44E8807F27D6}.Debug|Any CPU.Build.0 = Debug|Any CPU
		{849DE47E-E99A-4C76-AE16-44E8807F27D6}.Release|Any CPU.ActiveCfg = Release|Any CPU
		{849DE47E-E99A-4C76-AE16-44E8807F27D6}.Release|Any CPU.Build.0 = Release|Any CPU
		{330EFAC2-7110-403D-B2A3-B6B2C56DB0D3}.Debug|Any CPU.ActiveCfg = Debug|Any CPU
		{330EFAC2-7110-403D-B2A3-B6B2C56DB0D3}.Debug|Any CPU.Build.0 = Debug|Any CPU
		{330EFAC2-7110-403D-B2A3-B6B2C56DB0D3}.Release|Any CPU.ActiveCfg = Release|Any CPU
		{330EFAC2-7110-403D-B2A3-B6B2C56DB0D3}.Release|Any CPU.Build.0 = Release|Any CPU
		{31345012-5DDD-4B95-B94A-65FC021FBC27}.Debug|Any CPU.ActiveCfg = Debug|Any CPU
		{31345012-5DDD-4B95-B94A-65FC021FBC27}.Debug|Any CPU.Build.0 = Debug|Any CPU
		{31345012-5DDD-4B95-B94A-65FC021FBC27}.Release|Any CPU.ActiveCfg = Release|Any CPU
		{31345012-5DDD-4B95-B94A-65FC021FBC27}.Release|Any CPU.Build.0 = Release|Any CPU
	EndGlobalSection
	GlobalSection(SolutionProperties) = preSolution
		HideSolutionNode = FALSE
	EndGlobalSection
	GlobalSection(ExtensibilityGlobals) = postSolution
		SolutionGuid = {721D2B05-7529-47E7-9FA0-8B8AD7C0D99A}
	EndGlobalSection
EndGlobal
